{
  "name": "yahoo-fantasy-tracker",
  "version": "2.0.0",
  "lockfileVersion": 3,
  "requires": true,
  "packages": {
    "": {
      "name": "yahoo-fantasy-tracker",
      "version": "2.0.0",
      "dependencies": {
        "yahoo-fantasy": "^5.3.0"
      },
      "engines": {
        "node": ">=20"
      }
    },
    "node_modules/crypto-js": {
      "version": "3.1.9-1",
      "resolved": "https://registry.npmjs.org/crypto-js/-/crypto-js-3.1.9-1.tgz",
      "integrity": "sha512-W93aKztssqf29OvUlqfikzGyYbD1rpkXvGP9IQ1JchLY3bxaLXZSWYbwrtib2vk8DobrDzX7PIXcDWHp0B6Ymw==",
      "deprecated": "Active development of CryptoJS has been discontinued. This library is no longer maintained.",
      "license": "MIT"
    },
    "node_modules/esm": {
      "version": "3.2.25",
      "resolved": "https://registry.npmjs.org/esm/-/esm-3.2.25.tgz",
      "integrity": "sha512-U1suiZ2oDVWv4zPO56S0NcR5QriEahGtdN2OR6FiOG4WJvcjBVFB0qI4+eKoWFH483PKGuLuu6V8Z4T5g63UVA==",
      "license": "MIT",
      "engines": {
        "node": ">=6"
      }
    },
    "node_modules/follow-redirects": {
      "version": "1.15.11",
      "resolved": "https://registry.npmjs.org/follow-redirects/-/follow-redirects-1.15.11.tgz",
      "integrity": "sha512-deG2P0JfjrTxl50XGCDyfI97ZGVCxIpfKYmfyrQ54n5FO/0gfIES8C/Psl6kWVDolizcaaxZJnTS0QSMxvnsBQ==",
      "funding": [
        {
          "type": "individual",
          "url": "https://github.com/sponsors/RubenVerborgh"
        }
      ],
      "license": "MIT",
      "engines": {
        "node": ">=4.0"
      },
      "peerDependenciesMeta": {
        "debug": {
          "optional": true
        }
      }
    },
    "node_modules/oauth-signature": {
      "version": "1.5.0",
      "resolved": "https://registry.npmjs.org/oauth-signature/-/oauth-signature-1.5.0.tgz",
      "integrity": "sha512-lF0vEK03oZoE4svZzfp8HVdDC5lPwTeC3DBotRHBbFsA13jHS4kf9CMHRORGxR0Fseo6k25PHBvIJczdYwuflw==",
      "license": "BSD-3-Clause",
      "dependencies": {
        "crypto-js": "~3.1.9-1",
        "uri-js": "^3.0.2"
      },
      "engines": {
        "node": "*"
      }
    },
    "node_modules/oauth-signature/node_modules/uri-js": {
      "version": "3.0.2",
      "resolved": "https://registry.npmjs.org/uri-js/-/uri-js-3.0.2.tgz",
      "integrity": "sha512-SoboS4c924cg+wR2vxl8fospPPli3ZmVPIkRpJEWcrGIPeE8Tr3m9zNIyjYKn9YlF8EgiXQDCy3XVZxSFNjh8A==",
      "license": "BSD-2-Clause",
      "dependencies": {
        "punycode": "^2.1.0"
      }
    },
    "node_modules/punycode": {
      "version": "2.3.1",
      "resolved": "https://registry.npmjs.org/punycode/-/punycode-2.3.1.tgz",
      "integrity": "sha512-vYt7UD1U9Wg6138shLtLOvdAu+8DsC/ilFtEVHcH+wydcSpNE20AfSOduf6MkRFahL5FY7X1oU7nKVZFtfq8Fg==",
      "license": "MIT",
      "engines": {
        "node": ">=6"
      }
    },
    "node_modules/yahoo-fantasy": {
      "version": "5.3.0",
      "resolved": "https://registry.npmjs.org/yahoo-fantasy/-/yahoo-fantasy-5.3.0.tgz",
      "integrity": "sha512-n/MsXJ4wS2RJiYbuDopoY2qIE1u5poXhVoeax0c2ZJIZ2kiHPVY96mn6/NrXPDF9/rAhQyXDf3c6raAgz5MPGg==",
      "license": "MIT",
      "dependencies": {
        "esm": "^3.2.25",
        "follow-redirects": "^1.13.0",
        "oauth-signature": "^1.5.0",
        "uuid": "^8.3.0"
      },
      "engines": {
        "node": ">= 8.10.0"
      }
    },
    "node_modules/yahoo-fantasy/node_modules/uuid": {
      "version": "8.3.2",
      "resolved": "https://registry.npmjs.org/uuid/-/uuid-8.3.2.tgz",
      "integrity": "sha512-+NYs2QeMWy+GWFOEm9xnn6HCDp0l7QBD7ml8zLUmJ+93Q5NF0NocErnwkTkXVFNiX3/fpC6afS8Dhb/gz7R7eg==",
      "deprecated": "uuid@10 and below is no longer supported.  For ESM codebases, update to uuid@latest.  For CommonJS codebases, use uuid@11 (but be aware this version will likely be deprecated in 2028).",
      "license": "MIT",
      "bin": {
        "uuid": "dist/bin/uuid"
      }
    }
  }
}
